{
  "name": "@fish-cli-dev/init",
  "version": "1.0.0",
  "lockfileVersion": 3,
  "requires": true,
  "packages": {
    "": {
      "name": "@fish-cli-dev/init",
      "version": "1.0.0",
      "license": "ISC",
      "dependencies": {
        "@fish-cli-dev/command": "file:../../models/command",
        "@fish-cli-dev/log": "file:../../utils/log"
      }
    },
    "../../models/command": {
      "name": "@fish-cli-dev/command",
      "version": "1.0.0",
      "license": "ISC",
      "dependencies": {
        "@fish-cli-dev/log": "file:../utils/log",
        "colors": "^1.4.0",
        "semver": "^7.5.4"
      }
    },
    "../../utils/log": {
      "version": "1.0.1",
      "license": "ISC",
      "dependencies": {
        "npmlog": "^7.0.1"
      }
    },
    "node_modules/@fish-cli-dev/command": {
      "resolved": "../../models/command",
      "link": true
    },
    "node_modules/@fish-cli-dev/log": {
      "resolved": "../../utils/log",
      "link": true
    }
  }
}
